
Microsoft Visual Studio Solution File, Format Version 12.00
# Visual Studio Version 16
VisualStudioVersion = 16.0.30204.135
MinimumVisualStudioVersion = 10.0.40219.1
Project("{9A19103F-16F7-4668-BE54-9A1E7A4F7556}") = "Nop.Plugin.Widgets.DiscountDelivery", "Nop.Plugin.Widgets.DiscountDelivery.csproj", "{08CB829C-5E26-4535-B2EB-17A7650F7F21}"
EndProject
Global
	GlobalSection(SolutionConfigurationPlatforms) = preSolution
		Debug|Any CPU = Debug|Any CPU
		Release|Any CPU = Release|Any CPU
	EndGlobalSection
	GlobalSection(ProjectConfigurationPlatforms) = postSolution
		{08CB829C-5E26-4535-B2EB-17A7650F7F21}.Debug|Any CPU.ActiveCfg = Debug|Any CPU
		{08CB829C-5E26-4535-B2EB-17A7650F7F21}.Debug|Any CPU.Build.0 = Debug|Any CPU
		{08CB829C-5E26-4535-B2EB-17A7650F7F21}.Release|Any CPU.ActiveCfg = Release|Any CPU
		{08CB829C-5E26-4535-B2EB-17A7650F7F21}.Release|Any CPU.Build.0 = Release|Any CPU
	EndGlobalSection
	GlobalSection(SolutionProperties) = preSolution
		HideSolutionNode = FALSE
	EndGlobalSection
	GlobalSection(ExtensibilityGlobals) = postSolution
		SolutionGuid = {7B728C12-E25A-4827-99A0-4B77597AA8E4}
	EndGlobalSection
EndGlobal
